
Microsoft Visual Studio Solution File, Format Version 12.00
# Visual Studio Version 17
VisualStudioVersion = 17.5.33502.453
MinimumVisualStudioVersion = 10.0.40219.1
Project("{FAE04EC0-301F-11D3-BF4B-00C04F79EFBC}") = "PasswordSaver", "PasswordSaver\PasswordSaver.csproj", "{4C3C96E4-2BBF-4EEA-8F1A-D9050D9ADAEA}"
EndProject
Project("{FAE04EC0-301F-11D3-BF4B-00C04F79EFBC}") = "WinApiManager", "WinApiManager\WinApiManager.csproj", "{AA7B6E10-A954-4A5B-BD63-63204AB4F2C1}"
EndProject
Global
	GlobalSection(SolutionConfigurationPlatforms) = preSolution
		Debug|Any CPU = Debug|Any CPU
		Release|Any CPU = Release|Any CPU
	EndGlobalSection
	GlobalSection(ProjectConfigurationPlatforms) = postSolution
		{4C3C96E4-2BBF-4EEA-8F1A-D9050D9ADAEA}.Debug|Any CPU.ActiveCfg = Debug|Any CPU
		{4C3C96E4-2BBF-4EEA-8F1A-D9050D9ADAEA}.Debug|Any CPU.Build.0 = Debug|Any CPU
		{4C3C96E4-2BBF-4EEA-8F1A-D9050D9ADAEA}.Release|Any CPU.ActiveCfg = Release|Any CPU
		{4C3C96E4-2BBF-4EEA-8F1A-D9050D9ADAEA}.Release|Any CPU.Build.0 = Release|Any CPU
		{AA7B6E10-A954-4A5B-BD63-63204AB4F2C1}.Debug|Any CPU.ActiveCfg = Debug|Any CPU
		{AA7B6E10-A954-4A5B-BD63-63204AB4F2C1}.Debug|Any CPU.Build.0 = Debug|Any CPU
		{AA7B6E10-A954-4A5B-BD63-63204AB4F2C1}.Release|Any CPU.ActiveCfg = Release|Any CPU
		{AA7B6E10-A954-4A5B-BD63-63204AB4F2C1}.Release|Any CPU.Build.0 = Release|Any CPU
	EndGlobalSection
	GlobalSection(SolutionProperties) = preSolution
		HideSolutionNode = FALSE
	EndGlobalSection
	GlobalSection(ExtensibilityGlobals) = postSolution
		SolutionGuid = {C7C30880-745B-4CC2-9F5F-D3C1151253F6}
	EndGlobalSection
EndGlobal
